
Microsoft Visual Studio Solution File, Format Version 12.00
# Visual Studio Version 16
VisualStudioVersion = 16.0.30114.105
MinimumVisualStudioVersion = 10.0.40219.1
Project("{2150E333-8FDC-42A3-9474-1A3956D46DE8}") = "Microservices", "Microservices", "{F512B4D0-EB35-11EB-850B-071EA73E9AFD}"
EndProject
Project("{2150E333-8FDC-42A3-9474-1A3956D46DE8}") = "Domain", "Domain", "{FAA60370-EB35-11EB-850B-071EA73E9AFD}"
EndProject
Project("{2150E333-8FDC-42A3-9474-1A3956D46DE8}") = "Infra.Bus", "Infra.Bus", "{0A472C50-EB36-11EB-850B-071EA73E9AFD}"
EndProject
Project("{2150E333-8FDC-42A3-9474-1A3956D46DE8}") = "Infra.IoC", "Infra.IoC", "{14F1E2D0-EB36-11EB-850B-071EA73E9AFD}"
EndProject
Project("{2150E333-8FDC-42A3-9474-1A3956D46DE8}") = "Presentation", "Presentation", "{209CF250-EB36-11EB-850B-071EA73E9AFD}"
EndProject
Project("{FAE04EC0-301F-11D3-BF4B-00C04F79EFBC}") = "MicroRabbit.Domain.Core", "MicroRabbit.Domain.Core\MicroRabbit.Domain.Core.csproj", "{F05B0A85-E50A-47D0-A7DA-38D31BD1240C}"
EndProject
Project("{FAE04EC0-301F-11D3-BF4B-00C04F79EFBC}") = "MicroRabbit.Infra.Bus", "MicroRabbit.Infra.Bus\MicroRabbit.Infra.Bus.csproj", "{C436AE91-47A1-41A0-9BD1-4E87FE6872B3}"
EndProject
Project("{FAE04EC0-301F-11D3-BF4B-00C04F79EFBC}") = "MicroRabbit.Infra.Ioc", "MicroRabbit.Infra.Ioc\MicroRabbit.Infra.Ioc.csproj", "{2452599C-C261-46E6-929E-5BFADA736A74}"
EndProject
Project("{2150E333-8FDC-42A3-9474-1A3956D46DE8}") = "Banking", "Banking", "{42931720-ECAF-11EB-92A1-DD6A2CA31E0A}"
EndProject
Project("{2150E333-8FDC-42A3-9474-1A3956D46DE8}") = "Api", "Api", "{5050B2F0-ECAF-11EB-92A1-DD6A2CA31E0A}"
EndProject
Project("{2150E333-8FDC-42A3-9474-1A3956D46DE8}") = "Domain", "Domain", "{54C60E70-ECAF-11EB-92A1-DD6A2CA31E0A}"
EndProject
Project("{2150E333-8FDC-42A3-9474-1A3956D46DE8}") = "Application", "Application", "{5C494630-ECAF-11EB-92A1-DD6A2CA31E0A}"
EndProject
Project("{2150E333-8FDC-42A3-9474-1A3956D46DE8}") = "Data", "Data", "{61C73810-ECAF-11EB-92A1-DD6A2CA31E0A}"
EndProject
Project("{FAE04EC0-301F-11D3-BF4B-00C04F79EFBC}") = "MicroRabbit.Banking.Api", "MicroRabbit.Banking.Api\MicroRabbit.Banking.Api.csproj", "{AFFC42E3-C911-4924-BB45-ABE6078AF2CA}"
EndProject
Project("{FAE04EC0-301F-11D3-BF4B-00C04F79EFBC}") = "MicroRabbit.Banking.Application", "MicroRabbit.Banking.Application\MicroRabbit.Banking.Application.csproj", "{FB7A47A6-C743-4796-94E8-A101932BFA2E}"
EndProject
Project("{FAE04EC0-301F-11D3-BF4B-00C04F79EFBC}") = "MicroRabbit.Banking.Data", "MicroRabbit.Banking.Data\MicroRabbit.Banking.Data.csproj", "{B0445D66-3F33-4A08-B745-FE4DB5550D19}"
EndProject
Project("{FAE04EC0-301F-11D3-BF4B-00C04F79EFBC}") = "MicroRabbit.Banking.Domain", "MicroRabbit.Banking.Domain\MicroRabbit.Banking.Domain.csproj", "{AD577EEA-7A62-4D8F-9B29-B08292D12D11}"
EndProject
Global
	GlobalSection(SolutionConfigurationPlatforms) = preSolution
		Debug|Any CPU = Debug|Any CPU
		Debug|x64 = Debug|x64
		Debug|x86 = Debug|x86
		Release|Any CPU = Release|Any CPU
		Release|x64 = Release|x64
		Release|x86 = Release|x86
	EndGlobalSection
	GlobalSection(SolutionProperties) = preSolution
		HideSolutionNode = FALSE
	EndGlobalSection
	GlobalSection(ProjectConfigurationPlatforms) = postSolution
		{F05B0A85-E50A-47D0-A7DA-38D31BD1240C}.Debug|Any CPU.ActiveCfg = Debug|Any CPU
		{F05B0A85-E50A-47D0-A7DA-38D31BD1240C}.Debug|Any CPU.Build.0 = Debug|Any CPU
		{F05B0A85-E50A-47D0-A7DA-38D31BD1240C}.Debug|x64.ActiveCfg = Debug|Any CPU
		{F05B0A85-E50A-47D0-A7DA-38D31BD1240C}.Debug|x64.Build.0 = Debug|Any CPU
		{F05B0A85-E50A-47D0-A7DA-38D31BD1240C}.Debug|x86.ActiveCfg = Debug|Any CPU
		{F05B0A85-E50A-47D0-A7DA-38D31BD1240C}.Debug|x86.Build.0 = Debug|Any CPU
		{F05B0A85-E50A-47D0-A7DA-38D31BD1240C}.Release|Any CPU.ActiveCfg = Release|Any CPU
		{F05B0A85-E50A-47D0-A7DA-38D31BD1240C}.Release|Any CPU.Build.0 = Release|Any CPU
		{F05B0A85-E50A-47D0-A7DA-38D31BD1240C}.Release|x64.ActiveCfg = Release|Any CPU
		{F05B0A85-E50A-47D0-A7DA-38D31BD1240C}.Release|x64.Build.0 = Release|Any CPU
		{F05B0A85-E50A-47D0-A7DA-38D31BD1240C}.Release|x86.ActiveCfg = Release|Any CPU
		{F05B0A85-E50A-47D0-A7DA-38D31BD1240C}.Release|x86.Build.0 = Release|Any CPU
		{C436AE91-47A1-41A0-9BD1-4E87FE6872B3}.Debug|Any CPU.ActiveCfg = Debug|Any CPU
		{C436AE91-47A1-41A0-9BD1-4E87FE6872B3}.Debug|Any CPU.Build.0 = Debug|Any CPU
		{C436AE91-47A1-41A0-9BD1-4E87FE6872B3}.Debug|x64.ActiveCfg = Debug|Any CPU
		{C436AE91-47A1-41A0-9BD1-4E87FE6872B3}.Debug|x64.Build.0 = Debug|Any CPU
		{C436AE91-47A1-41A0-9BD1-4E87FE6872B3}.Debug|x86.ActiveCfg = Debug|Any CPU
		{C436AE91-47A1-41A0-9BD1-4E87FE6872B3}.Debug|x86.Build.0 = Debug|Any CPU
		{C436AE91-47A1-41A0-9BD1-4E87FE6872B3}.Release|Any CPU.ActiveCfg = Release|Any CPU
		{C436AE91-47A1-41A0-9BD1-4E87FE6872B3}.Release|Any CPU.Build.0 = Release|Any CPU
		{C436AE91-47A1-41A0-9BD1-4E87FE6872B3}.Release|x64.ActiveCfg = Release|Any CPU
		{C436AE91-47A1-41A0-9BD1-4E87FE6872B3}.Release|x64.Build.0 = Release|Any CPU
		{C436AE91-47A1-41A0-9BD1-4E87FE6872B3}.Release|x86.ActiveCfg = Release|Any CPU
		{C436AE91-47A1-41A0-9BD1-4E87FE6872B3}.Release|x86.Build.0 = Release|Any CPU
		{2452599C-C261-46E6-929E-5BFADA736A74}.Debug|Any CPU.ActiveCfg = Debug|Any CPU
		{2452599C-C261-46E6-929E-5BFADA736A74}.Debug|Any CPU.Build.0 = Debug|Any CPU
		{2452599C-C261-46E6-929E-5BFADA736A74}.Debug|x64.ActiveCfg = Debug|Any CPU
		{2452599C-C261-46E6-929E-5BFADA736A74}.Debug|x64.Build.0 = Debug|Any CPU
		{2452599C-C261-46E6-929E-5BFADA736A74}.Debug|x86.ActiveCfg = Debug|Any CPU
		{2452599C-C261-46E6-929E-5BFADA736A74}.Debug|x86.Build.0 = Debug|Any CPU
		{2452599C-C261-46E6-929E-5BFADA736A74}.Release|Any CPU.ActiveCfg = Release|Any CPU
		{2452599C-C261-46E6-929E-5BFADA736A74}.Release|Any CPU.Build.0 = Release|Any CPU
		{2452599C-C261-46E6-929E-5BFADA736A74}.Release|x64.ActiveCfg = Release|Any CPU
		{2452599C-C261-46E6-929E-5BFADA736A74}.Release|x64.Build.0 = Release|Any CPU
		{2452599C-C261-46E6-929E-5BFADA736A74}.Release|x86.ActiveCfg = Release|Any CPU
		{2452599C-C261-46E6-929E-5BFADA736A74}.Release|x86.Build.0 = Release|Any CPU
		{AFFC42E3-C911-4924-BB45-ABE6078AF2CA}.Debug|Any CPU.ActiveCfg = Debug|Any CPU
		{AFFC42E3-C911-4924-BB45-ABE6078AF2CA}.Debug|Any CPU.Build.0 = Debug|Any CPU
		{AFFC42E3-C911-4924-BB45-ABE6078AF2CA}.Debug|x64.ActiveCfg = Debug|Any CPU
		{AFFC42E3-C911-4924-BB45-ABE6078AF2CA}.Debug|x64.Build.0 = Debug|Any CPU
		{AFFC42E3-C911-4924-BB45-ABE6078AF2CA}.Debug|x86.ActiveCfg = Debug|Any CPU
		{AFFC42E3-C911-4924-BB45-ABE6078AF2CA}.Debug|x86.Build.0 = Debug|Any CPU
		{AFFC42E3-C911-4924-BB45-ABE6078AF2CA}.Release|Any CPU.ActiveCfg = Release|Any CPU
		{AFFC42E3-C911-4924-BB45-ABE6078AF2CA}.Release|Any CPU.Build.0 = Release|Any CPU
		{AFFC42E3-C911-4924-BB45-ABE6078AF2CA}.Release|x64.ActiveCfg = Release|Any CPU
		{AFFC42E3-C911-4924-BB45-ABE6078AF2CA}.Release|x64.Build.0 = Release|Any CPU
		{AFFC42E3-C911-4924-BB45-ABE6078AF2CA}.Release|x86.ActiveCfg = Release|Any CPU
		{AFFC42E3-C911-4924-BB45-ABE6078AF2CA}.Release|x86.Build.0 = Release|Any CPU
		{FB7A47A6-C743-4796-94E8-A101932BFA2E}.Debug|Any CPU.ActiveCfg = Debug|Any CPU
		{FB7A47A6-C743-4796-94E8-A101932BFA2E}.Debug|Any CPU.Build.0 = Debug|Any CPU
		{FB7A47A6-C743-4796-94E8-A101932BFA2E}.Debug|x64.ActiveCfg = Debug|Any CPU
		{FB7A47A6-C743-4796-94E8-A101932BFA2E}.Debug|x64.Build.0 = Debug|Any CPU
		{FB7A47A6-C743-4796-94E8-A101932BFA2E}.Debug|x86.ActiveCfg = Debug|Any CPU
		{FB7A47A6-C743-4796-94E8-A101932BFA2E}.Debug|x86.Build.0 = Debug|Any CPU
		{FB7A47A6-C743-4796-94E8-A101932BFA2E}.Release|Any CPU.ActiveCfg = Release|Any CPU
		{FB7A47A6-C743-4796-94E8-A101932BFA2E}.Release|Any CPU.Build.0 = Release|Any CPU
		{FB7A47A6-C743-4796-94E8-A101932BFA2E}.Release|x64.ActiveCfg = Release|Any CPU
		{FB7A47A6-C743-4796-94E8-A101932BFA2E}.Release|x64.Build.0 = Release|Any CPU
		{FB7A47A6-C743-4796-94E8-A101932BFA2E}.Release|x86.ActiveCfg = Release|Any CPU
		{FB7A47A6-C743-4796-94E8-A101932BFA2E}.Release|x86.Build.0 = Release|Any CPU
		{B0445D66-3F33-4A08-B745-FE4DB5550D19}.Debug|Any CPU.ActiveCfg = Debug|Any CPU
		{B0445D66-3F33-4A08-B745-FE4DB5550D19}.Debug|Any CPU.Build.0 = Debug|Any CPU
		{B0445D66-3F33-4A08-B745-FE4DB5550D19}.Debug|x64.ActiveCfg = Debug|Any CPU
		{B0445D66-3F33-4A08-B745-FE4DB5550D19}.Debug|x64.Build.0 = Debug|Any CPU
		{B0445D66-3F33-4A08-B745-FE4DB5550D19}.Debug|x86.ActiveCfg = Debug|Any CPU
		{B0445D66-3F33-4A08-B745-FE4DB5550D19}.Debug|x86.Build.0 = Debug|Any CPU
		{B0445D66-3F33-4A08-B745-FE4DB5550D19}.Release|Any CPU.ActiveCfg = Release|Any CPU
		{B0445D66-3F33-4A08-B745-FE4DB5550D19}.Release|Any CPU.Build.0 = Release|Any CPU
		{B0445D66-3F33-4A08-B745-FE4DB5550D19}.Release|x64.ActiveCfg = Release|Any CPU
		{B0445D66-3F33-4A08-B745-FE4DB5550D19}.Release|x64.Build.0 = Release|Any CPU
		{B0445D66-3F33-4A08-B745-FE4DB5550D19}.Release|x86.ActiveCfg = Release|Any CPU
		{B0445D66-3F33-4A08-B745-FE4DB5550D19}.Release|x86.Build.0 = Release|Any CPU
		{AD577EEA-7A62-4D8F-9B29-B08292D12D11}.Debug|Any CPU.ActiveCfg = Debug|Any CPU
		{AD577EEA-7A62-4D8F-9B29-B08292D12D11}.Debug|Any CPU.Build.0 = Debug|Any CPU
		{AD577EEA-7A62-4D8F-9B29-B08292D12D11}.Debug|x64.ActiveCfg = Debug|Any CPU
		{AD577EEA-7A62-4D8F-9B29-B08292D12D11}.Debug|x64.Build.0 = Debug|Any CPU
		{AD577EEA-7A62-4D8F-9B29-B08292D12D11}.Debug|x86.ActiveCfg = Debug|Any CPU
		{AD577EEA-7A62-4D8F-9B29-B08292D12D11}.Debug|x86.Build.0 = Debug|Any CPU
		{AD577EEA-7A62-4D8F-9B29-B08292D12D11}.Release|Any CPU.ActiveCfg = Release|Any CPU
		{AD577EEA-7A62-4D8F-9B29-B08292D12D11}.Release|Any CPU.Build.0 = Release|Any CPU
		{AD577EEA-7A62-4D8F-9B29-B08292D12D11}.Release|x64.ActiveCfg = Release|Any CPU
		{AD577EEA-7A62-4D8F-9B29-B08292D12D11}.Release|x64.Build.0 = Release|Any CPU
		{AD577EEA-7A62-4D8F-9B29-B08292D12D11}.Release|x86.ActiveCfg = Release|Any CPU
		{AD577EEA-7A62-4D8F-9B29-B08292D12D11}.Release|x86.Build.0 = Release|Any CPU
	EndGlobalSection
	GlobalSection(NestedProjects) = preSolution
		{AD577EEA-7A62-4D8F-9B29-B08292D12D11} = {54C60E70-ECAF-11EB-92A1-DD6A2CA31E0A}
		{B0445D66-3F33-4A08-B745-FE4DB5550D19} = {61C73810-ECAF-11EB-92A1-DD6A2CA31E0A}
		{FB7A47A6-C743-4796-94E8-A101932BFA2E} = {5C494630-ECAF-11EB-92A1-DD6A2CA31E0A}
		{AFFC42E3-C911-4924-BB45-ABE6078AF2CA} = {5050B2F0-ECAF-11EB-92A1-DD6A2CA31E0A}
		{61C73810-ECAF-11EB-92A1-DD6A2CA31E0A} = {42931720-ECAF-11EB-92A1-DD6A2CA31E0A}
		{5C494630-ECAF-11EB-92A1-DD6A2CA31E0A} = {42931720-ECAF-11EB-92A1-DD6A2CA31E0A}
		{54C60E70-ECAF-11EB-92A1-DD6A2CA31E0A} = {42931720-ECAF-11EB-92A1-DD6A2CA31E0A}
		{5050B2F0-ECAF-11EB-92A1-DD6A2CA31E0A} = {42931720-ECAF-11EB-92A1-DD6A2CA31E0A}
		{42931720-ECAF-11EB-92A1-DD6A2CA31E0A} = {F512B4D0-EB35-11EB-850B-071EA73E9AFD}
		{2452599C-C261-46E6-929E-5BFADA736A74} = {14F1E2D0-EB36-11EB-850B-071EA73E9AFD}
		{C436AE91-47A1-41A0-9BD1-4E87FE6872B3} = {0A472C50-EB36-11EB-850B-071EA73E9AFD}
		{F05B0A85-E50A-47D0-A7DA-38D31BD1240C} = {FAA60370-EB35-11EB-850B-071EA73E9AFD}
	EndGlobalSection
EndGlobal
