
Microsoft Visual Studio Solution File, Format Version 12.00
# Visual Studio Version 16
VisualStudioVersion = 16.0.30114.105
MinimumVisualStudioVersion = 10.0.40219.1
Project("{2150E333-8FDC-42A3-9474-1A3956D46DE8}") = "Microservices", "Microservices", "{F512B4D0-EB35-11EB-850B-071EA73E9AFD}"
EndProject
Project("{2150E333-8FDC-42A3-9474-1A3956D46DE8}") = "Domain", "Domain", "{FAA60370-EB35-11EB-850B-071EA73E9AFD}"
EndProject
Project("{2150E333-8FDC-42A3-9474-1A3956D46DE8}") = "Infra.Bus", "Infra.Bus", "{0A472C50-EB36-11EB-850B-071EA73E9AFD}"
EndProject
Project("{2150E333-8FDC-42A3-9474-1A3956D46DE8}") = "Infra.IoC", "Infra.IoC", "{14F1E2D0-EB36-11EB-850B-071EA73E9AFD}"
EndProject
Project("{2150E333-8FDC-42A3-9474-1A3956D46DE8}") = "Presentation", "Presentation", "{209CF250-EB36-11EB-850B-071EA73E9AFD}"
EndProject
Project("{FAE04EC0-301F-11D3-BF4B-00C04F79EFBC}") = "MicroRabbit.Domain.Core", "MicroRabbit.Domain.Core\MicroRabbit.Domain.Core.csproj", "{F05B0A85-E50A-47D0-A7DA-38D31BD1240C}"
EndProject
Project("{FAE04EC0-301F-11D3-BF4B-00C04F79EFBC}") = "MicroRabbit.Infra.Bus", "MicroRabbit.Infra.Bus\MicroRabbit.Infra.Bus.csproj", "{C436AE91-47A1-41A0-9BD1-4E87FE6872B3}"
EndProject
Project("{FAE04EC0-301F-11D3-BF4B-00C04F79EFBC}") = "MicroRabbit.Infra.Ioc", "MicroRabbit.Infra.Ioc\MicroRabbit.Infra.Ioc.csproj", "{2452599C-C261-46E6-929E-5BFADA736A74}"
EndProject
Global
	GlobalSection(SolutionConfigurationPlatforms) = preSolution
		Debug|Any CPU = Debug|Any CPU
		Debug|x64 = Debug|x64
		Debug|x86 = Debug|x86
		Release|Any CPU = Release|Any CPU
		Release|x64 = Release|x64
		Release|x86 = Release|x86
	EndGlobalSection
	GlobalSection(SolutionProperties) = preSolution
		HideSolutionNode = FALSE
	EndGlobalSection
	GlobalSection(ProjectConfigurationPlatforms) = postSolution
		{F05B0A85-E50A-47D0-A7DA-38D31BD1240C}.Debug|Any CPU.ActiveCfg = Debug|Any CPU
		{F05B0A85-E50A-47D0-A7DA-38D31BD1240C}.Debug|Any CPU.Build.0 = Debug|Any CPU
		{F05B0A85-E50A-47D0-A7DA-38D31BD1240C}.Debug|x64.ActiveCfg = Debug|Any CPU
		{F05B0A85-E50A-47D0-A7DA-38D31BD1240C}.Debug|x64.Build.0 = Debug|Any CPU
		{F05B0A85-E50A-47D0-A7DA-38D31BD1240C}.Debug|x86.ActiveCfg = Debug|Any CPU
		{F05B0A85-E50A-47D0-A7DA-38D31BD1240C}.Debug|x86.Build.0 = Debug|Any CPU
		{F05B0A85-E50A-47D0-A7DA-38D31BD1240C}.Release|Any CPU.ActiveCfg = Release|Any CPU
		{F05B0A85-E50A-47D0-A7DA-38D31BD1240C}.Release|Any CPU.Build.0 = Release|Any CPU
		{F05B0A85-E50A-47D0-A7DA-38D31BD1240C}.Release|x64.ActiveCfg = Release|Any CPU
		{F05B0A85-E50A-47D0-A7DA-38D31BD1240C}.Release|x64.Build.0 = Release|Any CPU
		{F05B0A85-E50A-47D0-A7DA-38D31BD1240C}.Release|x86.ActiveCfg = Release|Any CPU
		{F05B0A85-E50A-47D0-A7DA-38D31BD1240C}.Release|x86.Build.0 = Release|Any CPU
		{C436AE91-47A1-41A0-9BD1-4E87FE6872B3}.Debug|Any CPU.ActiveCfg = Debug|Any CPU
		{C436AE91-47A1-41A0-9BD1-4E87FE6872B3}.Debug|Any CPU.Build.0 = Debug|Any CPU
		{C436AE91-47A1-41A0-9BD1-4E87FE6872B3}.Debug|x64.ActiveCfg = Debug|Any CPU
		{C436AE91-47A1-41A0-9BD1-4E87FE6872B3}.Debug|x64.Build.0 = Debug|Any CPU
		{C436AE91-47A1-41A0-9BD1-4E87FE6872B3}.Debug|x86.ActiveCfg = Debug|Any CPU
		{C436AE91-47A1-41A0-9BD1-4E87FE6872B3}.Debug|x86.Build.0 = Debug|Any CPU
		{C436AE91-47A1-41A0-9BD1-4E87FE6872B3}.Release|Any CPU.ActiveCfg = Release|Any CPU
		{C436AE91-47A1-41A0-9BD1-4E87FE6872B3}.Release|Any CPU.Build.0 = Release|Any CPU
		{C436AE91-47A1-41A0-9BD1-4E87FE6872B3}.Release|x64.ActiveCfg = Release|Any CPU
		{C436AE91-47A1-41A0-9BD1-4E87FE6872B3}.Release|x64.Build.0 = Release|Any CPU
		{C436AE91-47A1-41A0-9BD1-4E87FE6872B3}.Release|x86.ActiveCfg = Release|Any CPU
		{C436AE91-47A1-41A0-9BD1-4E87FE6872B3}.Release|x86.Build.0 = Release|Any CPU
		{2452599C-C261-46E6-929E-5BFADA736A74}.Debug|Any CPU.ActiveCfg = Debug|Any CPU
		{2452599C-C261-46E6-929E-5BFADA736A74}.Debug|Any CPU.Build.0 = Debug|Any CPU
		{2452599C-C261-46E6-929E-5BFADA736A74}.Debug|x64.ActiveCfg = Debug|Any CPU
		{2452599C-C261-46E6-929E-5BFADA736A74}.Debug|x64.Build.0 = Debug|Any CPU
		{2452599C-C261-46E6-929E-5BFADA736A74}.Debug|x86.ActiveCfg = Debug|Any CPU
		{2452599C-C261-46E6-929E-5BFADA736A74}.Debug|x86.Build.0 = Debug|Any CPU
		{2452599C-C261-46E6-929E-5BFADA736A74}.Release|Any CPU.ActiveCfg = Release|Any CPU
		{2452599C-C261-46E6-929E-5BFADA736A74}.Release|Any CPU.Build.0 = Release|Any CPU
		{2452599C-C261-46E6-929E-5BFADA736A74}.Release|x64.ActiveCfg = Release|Any CPU
		{2452599C-C261-46E6-929E-5BFADA736A74}.Release|x64.Build.0 = Release|Any CPU
		{2452599C-C261-46E6-929E-5BFADA736A74}.Release|x86.ActiveCfg = Release|Any CPU
		{2452599C-C261-46E6-929E-5BFADA736A74}.Release|x86.Build.0 = Release|Any CPU
	EndGlobalSection
	GlobalSection(NestedProjects) = preSolution
		{2452599C-C261-46E6-929E-5BFADA736A74} = {14F1E2D0-EB36-11EB-850B-071EA73E9AFD}
		{C436AE91-47A1-41A0-9BD1-4E87FE6872B3} = {0A472C50-EB36-11EB-850B-071EA73E9AFD}
		{F05B0A85-E50A-47D0-A7DA-38D31BD1240C} = {FAA60370-EB35-11EB-850B-071EA73E9AFD}
	EndGlobalSection
EndGlobal
